
Microsoft Visual Studio Solution File, Format Version 12.00
# Visual Studio Version 16
VisualStudioVersion = 16.0.29215.179
MinimumVisualStudioVersion = 10.0.40219.1
Project("{FAE04EC0-301F-11D3-BF4B-00C04F79EFBC}") = "ACIT3625_group_lab_5", "ACIT3625_group_lab_5\ACIT3625_group_lab_5.csproj", "{0E307298-9C17-4B70-813C-153F3C3D7B75}"
EndProject
Global
	GlobalSection(SolutionConfigurationPlatforms) = preSolution
		Debug|Any CPU = Debug|Any CPU
		Release|Any CPU = Release|Any CPU
	EndGlobalSection
	GlobalSection(ProjectConfigurationPlatforms) = postSolution
		{0E307298-9C17-4B70-813C-153F3C3D7B75}.Debug|Any CPU.ActiveCfg = Debug|Any CPU
		{0E307298-9C17-4B70-813C-153F3C3D7B75}.Debug|Any CPU.Build.0 = Debug|Any CPU
		{0E307298-9C17-4B70-813C-153F3C3D7B75}.Release|Any CPU.ActiveCfg = Release|Any CPU
		{0E307298-9C17-4B70-813C-153F3C3D7B75}.Release|Any CPU.Build.0 = Release|Any CPU
	EndGlobalSection
	GlobalSection(SolutionProperties) = preSolution
		HideSolutionNode = FALSE
	EndGlobalSection
	GlobalSection(ExtensibilityGlobals) = postSolution
		SolutionGuid = {03AA210D-5CEE-4387-B5BB-AC64E0A6EE69}
	EndGlobalSection
EndGlobal
